{
    "_readme": [
        "This file locks the dependencies of your project to a known state",
        "Read more about it at http://getcomposer.org/doc/01-basic-usage.md#composer-lock-the-lock-file"
    ],
    "hash": "66e183d3d1526b5b346a88f01b4de061",
    "packages": [
        {
            "name": "justinrainbow/json-schema",
            "version": "1.1.0",
            "source": {
                "type": "git",
                "url": "https://github.com/justinrainbow/json-schema.git",
                "reference": "05ff6d8d79fe3ad190b0663d80d3f9deee79416c"
            },
            "dist": {
                "type": "zip",
                "url": "https://api.github.com/repos/justinrainbow/json-schema/zipball/05ff6d8d79fe3ad190b0663d80d3f9deee79416c",
                "reference": "05ff6d8d79fe3ad190b0663d80d3f9deee79416c",
                "shasum": ""
            },
            "require": {
                "php": ">=5.3.0"
            },
            "type": "library",
            "autoload": {
                "psr-0": {
                    "JsonSchema": "src/"
                }
            },
            "notification-url": "https://packagist.org/downloads/",
            "license": [
                "NewBSD"
            ],
            "authors": [
                {
                    "name": "Igor Wiedler",
                    "email": "igor@wiedler.ch",
                    "homepage": "http://wiedler.ch/igor/"
                },
                {
                    "name": "Bruno Prieto Reis",
                    "email": "bruno.p.reis@gmail.com"
                },
                {
                    "name": "Justin Rainbow",
                    "email": "justin.rainbow@gmail.com"
                },
                {
                    "name": "Robert Schönthal",
                    "email": "seroscho@googlemail.com",
                    "homepage": "http://digitalkaoz.net"
                }
            ],
            "description": "A library to validate a json schema.",
            "homepage": "https://github.com/justinrainbow/json-schema",
            "keywords": [
                "json",
                "schema"
            ],
            "time": "2012-01-03 00:33:17"
        },
        {
            "name": "usabilitydynamics/lib-settings",
            "version": "dev-trunk",
            "source": {
                "type": "svn",
                "url": "https://github.com/UsabilityDynamics/lib-settings",
                "reference": "/trunk/@23"
            },
            "require": {
                "usabilitydynamics/lib-utility": "*"
            },
            "type": "library",
            "autoload": {
                "files": [
                    "lib/settings.php"
                ]
            },
            "license": [
                "MIT"
            ],
            "authors": [
                {
                    "name": "Andy Potanin",
                    "email": "andy.potanin@usabilitydynamics.com",
                    "homepage": "http://usabilitydynamics.com",
                    "role": "Developer"
                },
                {
                    "name": "Maxim Peshkov",
                    "email": "maxim.peshkov@usabilitydynamics.com",
                    "homepage": "http://usabilitydynamics.com",
                    "role": "Developer"
                },
                {
                    "name": "Anton Korotkov",
                    "email": "anton.korotkov@usabilitydynamics.com",
                    "homepage": "http://usabilitydynamics.com",
                    "role": "Developer"
                }
            ],
            "homepage": "http://github.com/usabilitydynamics/lib-settings",
            "keywords": [
                "settings"
            ],
            "support": {
                "issues": "https://github.com/usabilitydynamics/lib-settings/issues"
            },
            "time": "2013-09-04 19:11:03"
        },
        {
            "name": "usabilitydynamics/lib-ui",
            "version": "dev-trunk",
            "source": {
                "type": "svn",
                "url": "https://github.com/UsabilityDynamics/lib-ui",
                "reference": "/trunk/@16"
            },
            "require": {
                "usabilitydynamics/lib-utility": "*"
            },
            "type": "library",
            "autoload": {
                "files": [
                    "lib/ui.php"
                ]
            },
            "license": [
                "MIT"
            ],
            "authors": [
                {
                    "name": "Andy Potanin",
                    "email": "andy.potanin@usabilitydynamics.com",
                    "homepage": "http://usabilitydynamics.com",
                    "role": "Developer"
                },
                {
                    "name": "Maxim Peshkov",
                    "email": "maxim.peshkov@usabilitydynamics.com",
                    "homepage": "http://usabilitydynamics.com",
                    "role": "Developer"
                },
                {
                    "name": "Anton Korotkov",
                    "email": "anton.korotkov@usabilitydynamics.com",
                    "homepage": "http://usabilitydynamics.com",
                    "role": "Developer"
                }
            ],
            "homepage": "http://github.com/usabilitydynamics/lib-ui",
            "keywords": [
                "api"
            ],
            "support": {
                "issues": "https://github.com/usabilitydynamics/lib-ui/issues"
            },
            "time": "2013-09-07 16:51:29"
        },
        {
            "name": "usabilitydynamics/lib-utility",
            "version": "dev-trunk",
            "source": {
                "type": "svn",
                "url": "https://github.com/UsabilityDynamics/lib-utility",
                "reference": "/trunk/@31"
            },
            "require": {
                "justinrainbow/json-schema": "1.1.*"
            },
            "type": "library",
            "autoload": {
                "files": [
                    "lib/utility.php",
                    "lib/loader.php"
                ]
            },
            "license": [
                "MIT"
            ],
            "authors": [
                {
                    "name": "Andy Potanin",
                    "email": "andy.potanin@usabilitydynamics.com",
                    "homepage": "http://usabilitydynamics.com",
                    "role": "Developer"
                },
                {
                    "name": "Maxim Peshkov",
                    "email": "maxim.peshkov@usabilitydynamics.com",
                    "homepage": "http://usabilitydynamics.com",
                    "role": "Developer"
                },
                {
                    "name": "Anton Korotkov",
                    "email": "anton.korotkov@usabilitydynamics.com",
                    "homepage": "http://usabilitydynamics.com",
                    "role": "Developer"
                }
            ],
            "homepage": "http://github.com/usabilitydynamics/lib-utility",
            "keywords": [
                "json-schema",
                "require.js",
                "utility"
            ],
            "support": {
                "issues": "https://github.com/usabilitydynamics/lib-utility/issues"
            },
            "time": "2013-09-04 19:10:41"
        },
        {
            "name": "usabilitydynamics/lib-wp-bootstrap",
            "version": "dev-trunk",
            "source": {
                "type": "svn",
                "url": "https://github.com/UsabilityDynamics/lib-wp-bootstrap",
                "reference": "/trunk/@4"
            },
            "require": {
                "php": ">=5.3"
            },
            "type": "library",
            "autoload": {
                "psr-0": {
                    "UsabilityDynamics": "src/"
                }
            },
            "license": [
                "GPLv2"
            ],
            "authors": [
                {
                    "name": "Andy Potanin",
                    "homepage": "http://usabilitydynamics.com"
                },
                {
                    "name": "Reid Williams",
                    "homepage": "http://usabilitydynamics.com"
                }
            ],
            "description": "Wordpress bootstrap library created by UsabilityDynamics",
            "homepage": "https://github.com/UsabilityDynamics/lib-wp-bootstrap",
            "keywords": [
                "wordpress"
            ],
            "time": "2013-10-13 17:17:16"
        },
        {
            "name": "usabilitydynamics/resizely-client",
            "version": "dev-trunk",
            "source": {
                "type": "svn",
                "url": "https://github.com/UsabilityDynamics/resizely-client",
                "reference": "/trunk/@21"
            },
            "type": "library",
            "license": [
                "GPLv2"
            ],
            "authors": [
                {
                    "name": "Andy Potanin",
                    "homepage": "http://usabilitydynamics.com"
                },
                {
                    "name": "Reid Williams",
                    "homepage": "http://usabilitydynamics.com"
                }
            ],
            "description": "This is just a placeholder for now so we can use composer to bring in this front end library.",
            "homepage": "https://github.com/UsabilityDynamics/resizely-client",
            "keywords": [
                "resize.ly"
            ],
            "time": "2013-08-12 01:30:48"
        }
    ],
    "packages-dev": [

    ],
    "aliases": [

    ],
    "minimum-stability": "dev",
    "stability-flags": [

    ],
    "platform": {
        "php": ">=5.3"
    },
    "platform-dev": [

    ]
}
